
Microsoft Visual Studio Solution File, Format Version 12.00
# Visual Studio 15
VisualStudioVersion = 15.0.28307.645
MinimumVisualStudioVersion = 10.0.40219.1
Project("{FAE04EC0-301F-11D3-BF4B-00C04F79EFBC}") = "Square", "Square\Square.csproj", "{420BF7F7-43C7-43B1-83BF-5C195B891781}"
EndProject
Global
	GlobalSection(SolutionConfigurationPlatforms) = preSolution
		Debug|Any CPU = Debug|Any CPU
		Release|Any CPU = Release|Any CPU
	EndGlobalSection
	GlobalSection(ProjectConfigurationPlatforms) = postSolution
		{420BF7F7-43C7-43B1-83BF-5C195B891781}.Debug|Any CPU.ActiveCfg = Debug|Any CPU
		{420BF7F7-43C7-43B1-83BF-5C195B891781}.Debug|Any CPU.Build.0 = Debug|Any CPU
		{420BF7F7-43C7-43B1-83BF-5C195B891781}.Release|Any CPU.ActiveCfg = Release|Any CPU
		{420BF7F7-43C7-43B1-83BF-5C195B891781}.Release|Any CPU.Build.0 = Release|Any CPU
	EndGlobalSection
	GlobalSection(SolutionProperties) = preSolution
		HideSolutionNode = FALSE
	EndGlobalSection
	GlobalSection(ExtensibilityGlobals) = postSolution
		SolutionGuid = {09A8A458-AE88-4987-9E22-176691DEDE82}
	EndGlobalSection
EndGlobal
